
Microsoft Visual Studio Solution File, Format Version 12.00
# Visual Studio Version 17
VisualStudioVersion = 17.8.34316.72
MinimumVisualStudioVersion = 10.0.40219.1
Project("{FAE04EC0-301F-11D3-BF4B-00C04F79EFBC}") = "MatrixCalculator", "MatrixCalculator\MatrixCalculator.csproj", "{BAA8BDDE-9B26-44E3-9335-EE1752BBEE5A}"
EndProject
Global
	GlobalSection(SolutionConfigurationPlatforms) = preSolution
		Debug|Any CPU = Debug|Any CPU
		Release|Any CPU = Release|Any CPU
	EndGlobalSection
	GlobalSection(ProjectConfigurationPlatforms) = postSolution
		{BAA8BDDE-9B26-44E3-9335-EE1752BBEE5A}.Debug|Any CPU.ActiveCfg = Debug|Any CPU
		{BAA8BDDE-9B26-44E3-9335-EE1752BBEE5A}.Debug|Any CPU.Build.0 = Debug|Any CPU
		{BAA8BDDE-9B26-44E3-9335-EE1752BBEE5A}.Release|Any CPU.ActiveCfg = Release|Any CPU
		{BAA8BDDE-9B26-44E3-9335-EE1752BBEE5A}.Release|Any CPU.Build.0 = Release|Any CPU
	EndGlobalSection
	GlobalSection(SolutionProperties) = preSolution
		HideSolutionNode = FALSE
	EndGlobalSection
	GlobalSection(ExtensibilityGlobals) = postSolution
		SolutionGuid = {0BE24598-8237-4A7B-BD92-C997B65C7D2C}
	EndGlobalSection
EndGlobal
